
Microsoft Visual Studio Solution File, Format Version 12.00
# Visual Studio Version 17
VisualStudioVersion = 17.5.33627.172
MinimumVisualStudioVersion = 10.0.40219.1
Project("{9A19103F-16F7-4668-BE54-9A1E7A4F7556}") = "ADO.NET", "ADO.NET\ADO.NET.csproj", "{2FCFED8D-6B05-46A9-9A29-27928978A6EA}"
EndProject
Project("{9A19103F-16F7-4668-BE54-9A1E7A4F7556}") = "Messanger", "Messanger\Messanger.csproj", "{457E9ECF-2951-4A25-8F35-D63D8AA6B301}"
EndProject
Project("{9A19103F-16F7-4668-BE54-9A1E7A4F7556}") = "Project.WebApi", "Project.WebApi\Project.WebApi.csproj", "{0389620D-8548-4632-8130-CC2A556BF276}"
EndProject
Project("{9A19103F-16F7-4668-BE54-9A1E7A4F7556}") = "Dapper.WebApi", "Dapper.WebApi\Dapper.WebApi.csproj", "{43221018-94F3-43B8-85A9-F7AA60E04ED3}"
EndProject
Project("{9A19103F-16F7-4668-BE54-9A1E7A4F7556}") = "SearchDb.WebApi", "SearchDb.WebApi\SearchDb.WebApi.csproj", "{DCF7F40A-4A0C-4E4C-B282-9C61E4C64D12}"
EndProject
Project("{FAE04EC0-301F-11D3-BF4B-00C04F79EFBC}") = "Entity.Project", "Entity.Project\Entity.Project.csproj", "{3943A651-C513-4F54-81F4-FA0E3BF6E874}"
EndProject
Global
	GlobalSection(SolutionConfigurationPlatforms) = preSolution
		Debug|Any CPU = Debug|Any CPU
		Release|Any CPU = Release|Any CPU
	EndGlobalSection
	GlobalSection(ProjectConfigurationPlatforms) = postSolution
		{2FCFED8D-6B05-46A9-9A29-27928978A6EA}.Debug|Any CPU.ActiveCfg = Debug|Any CPU
		{2FCFED8D-6B05-46A9-9A29-27928978A6EA}.Debug|Any CPU.Build.0 = Debug|Any CPU
		{2FCFED8D-6B05-46A9-9A29-27928978A6EA}.Release|Any CPU.ActiveCfg = Release|Any CPU
		{2FCFED8D-6B05-46A9-9A29-27928978A6EA}.Release|Any CPU.Build.0 = Release|Any CPU
		{457E9ECF-2951-4A25-8F35-D63D8AA6B301}.Debug|Any CPU.ActiveCfg = Debug|Any CPU
		{457E9ECF-2951-4A25-8F35-D63D8AA6B301}.Debug|Any CPU.Build.0 = Debug|Any CPU
		{457E9ECF-2951-4A25-8F35-D63D8AA6B301}.Release|Any CPU.ActiveCfg = Release|Any CPU
		{457E9ECF-2951-4A25-8F35-D63D8AA6B301}.Release|Any CPU.Build.0 = Release|Any CPU
		{0389620D-8548-4632-8130-CC2A556BF276}.Debug|Any CPU.ActiveCfg = Debug|Any CPU
		{0389620D-8548-4632-8130-CC2A556BF276}.Debug|Any CPU.Build.0 = Debug|Any CPU
		{0389620D-8548-4632-8130-CC2A556BF276}.Release|Any CPU.ActiveCfg = Release|Any CPU
		{0389620D-8548-4632-8130-CC2A556BF276}.Release|Any CPU.Build.0 = Release|Any CPU
		{43221018-94F3-43B8-85A9-F7AA60E04ED3}.Debug|Any CPU.ActiveCfg = Debug|Any CPU
		{43221018-94F3-43B8-85A9-F7AA60E04ED3}.Debug|Any CPU.Build.0 = Debug|Any CPU
		{43221018-94F3-43B8-85A9-F7AA60E04ED3}.Release|Any CPU.ActiveCfg = Release|Any CPU
		{43221018-94F3-43B8-85A9-F7AA60E04ED3}.Release|Any CPU.Build.0 = Release|Any CPU
		{DCF7F40A-4A0C-4E4C-B282-9C61E4C64D12}.Debug|Any CPU.ActiveCfg = Debug|Any CPU
		{DCF7F40A-4A0C-4E4C-B282-9C61E4C64D12}.Debug|Any CPU.Build.0 = Debug|Any CPU
		{DCF7F40A-4A0C-4E4C-B282-9C61E4C64D12}.Release|Any CPU.ActiveCfg = Release|Any CPU
		{DCF7F40A-4A0C-4E4C-B282-9C61E4C64D12}.Release|Any CPU.Build.0 = Release|Any CPU
		{3943A651-C513-4F54-81F4-FA0E3BF6E874}.Debug|Any CPU.ActiveCfg = Debug|Any CPU
		{3943A651-C513-4F54-81F4-FA0E3BF6E874}.Debug|Any CPU.Build.0 = Debug|Any CPU
		{3943A651-C513-4F54-81F4-FA0E3BF6E874}.Release|Any CPU.ActiveCfg = Release|Any CPU
		{3943A651-C513-4F54-81F4-FA0E3BF6E874}.Release|Any CPU.Build.0 = Release|Any CPU
	EndGlobalSection
	GlobalSection(SolutionProperties) = preSolution
		HideSolutionNode = FALSE
	EndGlobalSection
	GlobalSection(ExtensibilityGlobals) = postSolution
		SolutionGuid = {538DF044-5D19-4EC4-AD16-6A1EB543CB3E}
	EndGlobalSection
EndGlobal
